// !$*UTF8*$!
{
	archiveVersion = 1;
	classes = {
	};
	objectVersion = 46;
	objects = {

/* Begin PBXBuildFile section */
		8E04826E1D3EF74700423F1A /* Pipeline.framework in Frameworks */ = {isa = PBXBuildFile; fileRef = 8E04826C1D3EF72E00423F1A /* Pipeline.framework */; };
		8E0482701D3EF75400423F1A /* Pipeline.framework in CopyFiles */ = {isa = PBXBuildFile; fileRef = 8E04826C1D3EF72E00423F1A /* Pipeline.framework */; settings = {ATTRIBUTES = (CodeSignOnCopy, RemoveHeadersOnCopy, ); }; };
		8E0482721D3EF84F00423F1A /* LocationManager.swift in Sources */ = {isa = PBXBuildFile; fileRef = 8E0482711D3EF84F00423F1A /* LocationManager.swift */; };
		8E0482741D3EF93500423F1A /* Geocoder.swift in Sources */ = {isa = PBXBuildFile; fileRef = 8E0482731D3EF93500423F1A /* Geocoder.swift */; };
		8E0482761D3EFCF200423F1A /* RedditClient.swift in Sources */ = {isa = PBXBuildFile; fileRef = 8E0482751D3EFCF200423F1A /* RedditClient.swift */; };
		8E0482781D3EFD6000423F1A /* HTTPClient.swift in Sources */ = {isa = PBXBuildFile; fileRef = 8E0482771D3EFD6000423F1A /* HTTPClient.swift */; };
		8E04827A1D3F016900423F1A /* Parsable.swift in Sources */ = {isa = PBXBuildFile; fileRef = 8E0482791D3F016900423F1A /* Parsable.swift */; };
		8E04827C1D3F018500423F1A /* JSON.swift in Sources */ = {isa = PBXBuildFile; fileRef = 8E04827B1D3F018500423F1A /* JSON.swift */; };
		8E04827E1D3F037800423F1A /* Subreddit.swift in Sources */ = {isa = PBXBuildFile; fileRef = 8E04827D1D3F037800423F1A /* Subreddit.swift */; };
		8E0482801D3F05B400423F1A /* GeoReddit.swift in Sources */ = {isa = PBXBuildFile; fileRef = 8E04827F1D3F05B400423F1A /* GeoReddit.swift */; };
		8E0482821D3F0B1100423F1A /* Dedupe.swift in Sources */ = {isa = PBXBuildFile; fileRef = 8E0482811D3F0B1100423F1A /* Dedupe.swift */; };
		8E40C8411D46F3BD00F5B6AB /* Threading.swift in Sources */ = {isa = PBXBuildFile; fileRef = 8E40C8401D46F3BD00F5B6AB /* Threading.swift */; };
		8E85B9701D48560100C41FC7 /* CheatSheet.swift in Sources */ = {isa = PBXBuildFile; fileRef = 8E85B96F1D48560100C41FC7 /* CheatSheet.swift */; };
		8E9FCA031D3EF11E00578264 /* AppDelegate.swift in Sources */ = {isa = PBXBuildFile; fileRef = 8E9FCA021D3EF11E00578264 /* AppDelegate.swift */; };
		8E9FCA051D3EF11E00578264 /* SubredditViewController.swift in Sources */ = {isa = PBXBuildFile; fileRef = 8E9FCA041D3EF11E00578264 /* SubredditViewController.swift */; };
		8E9FCA081D3EF11E00578264 /* Main.storyboard in Resources */ = {isa = PBXBuildFile; fileRef = 8E9FCA061D3EF11E00578264 /* Main.storyboard */; };
		8E9FCA0A1D3EF11E00578264 /* Assets.xcassets in Resources */ = {isa = PBXBuildFile; fileRef = 8E9FCA091D3EF11E00578264 /* Assets.xcassets */; };
		8E9FCA0D1D3EF11E00578264 /* LaunchScreen.storyboard in Resources */ = {isa = PBXBuildFile; fileRef = 8E9FCA0B1D3EF11E00578264 /* LaunchScreen.storyboard */; };
		8E9FCA151D3EF13900578264 /* Cartfile in Resources */ = {isa = PBXBuildFile; fileRef = 8E9FCA141D3EF13900578264 /* Cartfile */; };
/* End PBXBuildFile section */

/* Begin PBXCopyFilesBuildPhase section */
		8E04826F1D3EF74D00423F1A /* CopyFiles */ = {
			isa = PBXCopyFilesBuildPhase;
			buildActionMask = 2147483647;
			dstPath = "";
			dstSubfolderSpec = 10;
			files = (
				8E0482701D3EF75400423F1A /* Pipeline.framework in CopyFiles */,
			);
			runOnlyForDeploymentPostprocessing = 0;
		};
/* End PBXCopyFilesBuildPhase section */

/* Begin PBXFileReference section */
		8E04826C1D3EF72E00423F1A /* Pipeline.framework */ = {isa = PBXFileReference; lastKnownFileType = wrapper.framework; name = Pipeline.framework; path = Carthage/Build/iOS/Pipeline.framework; sourceTree = "<group>"; };
		8E0482711D3EF84F00423F1A /* LocationManager.swift */ = {isa = PBXFileReference; fileEncoding = 4; lastKnownFileType = sourcecode.swift; path = LocationManager.swift; sourceTree = "<group>"; };
		8E0482731D3EF93500423F1A /* Geocoder.swift */ = {isa = PBXFileReference; fileEncoding = 4; lastKnownFileType = sourcecode.swift; path = Geocoder.swift; sourceTree = "<group>"; };
		8E0482751D3EFCF200423F1A /* RedditClient.swift */ = {isa = PBXFileReference; fileEncoding = 4; lastKnownFileType = sourcecode.swift; path = RedditClient.swift; sourceTree = "<group>"; };
		8E0482771D3EFD6000423F1A /* HTTPClient.swift */ = {isa = PBXFileReference; fileEncoding = 4; lastKnownFileType = sourcecode.swift; path = HTTPClient.swift; sourceTree = "<group>"; };
		8E0482791D3F016900423F1A /* Parsable.swift */ = {isa = PBXFileReference; fileEncoding = 4; lastKnownFileType = sourcecode.swift; path = Parsable.swift; sourceTree = "<group>"; };
		8E04827B1D3F018500423F1A /* JSON.swift */ = {isa = PBXFileReference; fileEncoding = 4; lastKnownFileType = sourcecode.swift; path = JSON.swift; sourceTree = "<group>"; };
		8E04827D1D3F037800423F1A /* Subreddit.swift */ = {isa = PBXFileReference; fileEncoding = 4; lastKnownFileType = sourcecode.swift; path = Subreddit.swift; sourceTree = "<group>"; };
		8E04827F1D3F05B400423F1A /* GeoReddit.swift */ = {isa = PBXFileReference; fileEncoding = 4; lastKnownFileType = sourcecode.swift; path = GeoReddit.swift; sourceTree = "<group>"; };
		8E0482811D3F0B1100423F1A /* Dedupe.swift */ = {isa = PBXFileReference; fileEncoding = 4; lastKnownFileType = sourcecode.swift; path = Dedupe.swift; sourceTree = "<group>"; };
		8E40C8401D46F3BD00F5B6AB /* Threading.swift */ = {isa = PBXFileReference; fileEncoding = 4; lastKnownFileType = sourcecode.swift; path = Threading.swift; sourceTree = "<group>"; };
		8E85B96F1D48560100C41FC7 /* CheatSheet.swift */ = {isa = PBXFileReference; fileEncoding = 4; lastKnownFileType = sourcecode.swift; path = CheatSheet.swift; sourceTree = "<group>"; };
		8E9FC9FF1D3EF11E00578264 /* GeoReddit.app */ = {isa = PBXFileReference; explicitFileType = wrapper.application; includeInIndex = 0; path = GeoReddit.app; sourceTree = BUILT_PRODUCTS_DIR; };
		8E9FCA021D3EF11E00578264 /* AppDelegate.swift */ = {isa = PBXFileReference; lastKnownFileType = sourcecode.swift; path = AppDelegate.swift; sourceTree = "<group>"; };
		8E9FCA041D3EF11E00578264 /* SubredditViewController.swift */ = {isa = PBXFileReference; lastKnownFileType = sourcecode.swift; path = SubredditViewController.swift; sourceTree = "<group>"; };
		8E9FCA071D3EF11E00578264 /* Base */ = {isa = PBXFileReference; lastKnownFileType = file.storyboard; name = Base; path = Base.lproj/Main.storyboard; sourceTree = "<group>"; };
		8E9FCA091D3EF11E00578264 /* Assets.xcassets */ = {isa = PBXFileReference; lastKnownFileType = folder.assetcatalog; path = Assets.xcassets; sourceTree = "<group>"; };
		8E9FCA0C1D3EF11E00578264 /* Base */ = {isa = PBXFileReference; lastKnownFileType = file.storyboard; name = Base; path = Base.lproj/LaunchScreen.storyboard; sourceTree = "<group>"; };
		8E9FCA0E1D3EF11E00578264 /* Info.plist */ = {isa = PBXFileReference; lastKnownFileType = text.plist.xml; path = Info.plist; sourceTree = "<group>"; };
		8E9FCA141D3EF13900578264 /* Cartfile */ = {isa = PBXFileReference; fileEncoding = 4; lastKnownFileType = text; path = Cartfile; sourceTree = "<group>"; };
/* End PBXFileReference section */

/* Begin PBXFrameworksBuildPhase section */
		8E9FC9FC1D3EF11E00578264 /* Frameworks */ = {
			isa = PBXFrameworksBuildPhase;
			buildActionMask = 2147483647;
			files = (
				8E04826E1D3EF74700423F1A /* Pipeline.framework in Frameworks */,
			);
			runOnlyForDeploymentPostprocessing = 0;
		};
/* End PBXFrameworksBuildPhase section */

/* Begin PBXGroup section */
		8E04826D1D3EF73100423F1A /* Frameworks */ = {
			isa = PBXGroup;
			children = (
				8E04826C1D3EF72E00423F1A /* Pipeline.framework */,
			);
			name = Frameworks;
			sourceTree = "<group>";
		};
		8E9FC9F61D3EF11E00578264 = {
			isa = PBXGroup;
			children = (
				8E9FCA141D3EF13900578264 /* Cartfile */,
				8E9FCA011D3EF11E00578264 /* GeoReddit */,
				8E04826D1D3EF73100423F1A /* Frameworks */,
				8E9FCA001D3EF11E00578264 /* Products */,
			);
			sourceTree = "<group>";
		};
		8E9FCA001D3EF11E00578264 /* Products */ = {
			isa = PBXGroup;
			children = (
				8E9FC9FF1D3EF11E00578264 /* GeoReddit.app */,
			);
			name = Products;
			sourceTree = "<group>";
		};
		8E9FCA011D3EF11E00578264 /* GeoReddit */ = {
			isa = PBXGroup;
			children = (
				8E9FCA021D3EF11E00578264 /* AppDelegate.swift */,
				8E04827F1D3F05B400423F1A /* GeoReddit.swift */,
				8E0482711D3EF84F00423F1A /* LocationManager.swift */,
				8E0482731D3EF93500423F1A /* Geocoder.swift */,
				8E0482751D3EFCF200423F1A /* RedditClient.swift */,
				8E0482771D3EFD6000423F1A /* HTTPClient.swift */,
				8E04827B1D3F018500423F1A /* JSON.swift */,
				8E04827D1D3F037800423F1A /* Subreddit.swift */,
				8E9FCA041D3EF11E00578264 /* SubredditViewController.swift */,
				8E40C8401D46F3BD00F5B6AB /* Threading.swift */,
				8E0482811D3F0B1100423F1A /* Dedupe.swift */,
				8E0482791D3F016900423F1A /* Parsable.swift */,
				8E9FCA061D3EF11E00578264 /* Main.storyboard */,
				8E9FCA091D3EF11E00578264 /* Assets.xcassets */,
				8E9FCA0B1D3EF11E00578264 /* LaunchScreen.storyboard */,
				8E9FCA0E1D3EF11E00578264 /* Info.plist */,
				8E85B96F1D48560100C41FC7 /* CheatSheet.swift */,
			);
			path = GeoReddit;
			sourceTree = "<group>";
		};
/* End PBXGroup section */

/* Begin PBXNativeTarget section */
		8E9FC9FE1D3EF11E00578264 /* GeoReddit */ = {
			isa = PBXNativeTarget;
			buildConfigurationList = 8E9FCA111D3EF11E00578264 /* Build configuration list for PBXNativeTarget "GeoReddit" */;
			buildPhases = (
				8E9FC9FB1D3EF11E00578264 /* Sources */,
				8E9FC9FC1D3EF11E00578264 /* Frameworks */,
				8E9FC9FD1D3EF11E00578264 /* Resources */,
				8E04826F1D3EF74D00423F1A /* CopyFiles */,
			);
			buildRules = (
			);
			dependencies = (
			);
			name = GeoReddit;
			productName = GeoReddit;
			productReference = 8E9FC9FF1D3EF11E00578264 /* GeoReddit.app */;
			productType = "com.apple.product-type.application";
		};
/* End PBXNativeTarget section */

/* Begin PBXProject section */
		8E9FC9F71D3EF11E00578264 /* Project object */ = {
			isa = PBXProject;
			attributes = {
				LastSwiftUpdateCheck = 0730;
				LastUpgradeCheck = 0730;
				ORGANIZATIONNAME = patrickgoley;
				TargetAttributes = {
					8E9FC9FE1D3EF11E00578264 = {
						CreatedOnToolsVersion = 7.3.1;
					};
				};
			};
			buildConfigurationList = 8E9FC9FA1D3EF11E00578264 /* Build configuration list for PBXProject "GeoReddit" */;
			compatibilityVersion = "Xcode 3.2";
			developmentRegion = English;
			hasScannedForEncodings = 0;
			knownRegions = (
				en,
				Base,
			);
			mainGroup = 8E9FC9F61D3EF11E00578264;
			productRefGroup = 8E9FCA001D3EF11E00578264 /* Products */;
			projectDirPath = "";
			projectRoot = "";
			targets = (
				8E9FC9FE1D3EF11E00578264 /* GeoReddit */,
			);
		};
/* End PBXProject section */

/* Begin PBXResourcesBuildPhase section */
		8E9FC9FD1D3EF11E00578264 /* Resources */ = {
			isa = PBXResourcesBuildPhase;
			buildActionMask = 2147483647;
			files = (
				8E9FCA0D1D3EF11E00578264 /* LaunchScreen.storyboard in Resources */,
				8E9FCA0A1D3EF11E00578264 /* Assets.xcassets in Resources */,
				8E9FCA151D3EF13900578264 /* Cartfile in Resources */,
				8E9FCA081D3EF11E00578264 /* Main.storyboard in Resources */,
			);
			runOnlyForDeploymentPostprocessing = 0;
		};
/* End PBXResourcesBuildPhase section */

/* Begin PBXSourcesBuildPhase section */
		8E9FC9FB1D3EF11E00578264 /* Sources */ = {
			isa = PBXSourcesBuildPhase;
			buildActionMask = 2147483647;
			files = (
				8E9FCA051D3EF11E00578264 /* SubredditViewController.swift in Sources */,
				8E0482741D3EF93500423F1A /* Geocoder.swift in Sources */,
				8E0482781D3EFD6000423F1A /* HTTPClient.swift in Sources */,
				8E0482761D3EFCF200423F1A /* RedditClient.swift in Sources */,
				8E40C8411D46F3BD00F5B6AB /* Threading.swift in Sources */,
				8E0482821D3F0B1100423F1A /* Dedupe.swift in Sources */,
				8E04827A1D3F016900423F1A /* Parsable.swift in Sources */,
				8E9FCA031D3EF11E00578264 /* AppDelegate.swift in Sources */,
				8E0482721D3EF84F00423F1A /* LocationManager.swift in Sources */,
				8E04827E1D3F037800423F1A /* Subreddit.swift in Sources */,
				8E04827C1D3F018500423F1A /* JSON.swift in Sources */,
				8E0482801D3F05B400423F1A /* GeoReddit.swift in Sources */,
				8E85B9701D48560100C41FC7 /* CheatSheet.swift in Sources */,
			);
			runOnlyForDeploymentPostprocessing = 0;
		};
/* End PBXSourcesBuildPhase section */

/* Begin PBXVariantGroup section */
		8E9FCA061D3EF11E00578264 /* Main.storyboard */ = {
			isa = PBXVariantGroup;
			children = (
				8E9FCA071D3EF11E00578264 /* Base */,
			);
			name = Main.storyboard;
			sourceTree = "<group>";
		};
		8E9FCA0B1D3EF11E00578264 /* LaunchScreen.storyboard */ = {
			isa = PBXVariantGroup;
			children = (
				8E9FCA0C1D3EF11E00578264 /* Base */,
			);
			name = LaunchScreen.storyboard;
			sourceTree = "<group>";
		};
/* End PBXVariantGroup section */

/* Begin XCBuildConfiguration section */
		8E9FCA0F1D3EF11E00578264 /* Debug */ = {
			isa = XCBuildConfiguration;
			buildSettings = {
				ALWAYS_SEARCH_USER_PATHS = NO;
				CLANG_ANALYZER_NONNULL = YES;
				CLANG_CXX_LANGUAGE_STANDARD = "gnu++0x";
				CLANG_CXX_LIBRARY = "libc++";
				CLANG_ENABLE_MODULES = YES;
				CLANG_ENABLE_OBJC_ARC = YES;
				CLANG_WARN_BOOL_CONVERSION = YES;
				CLANG_WARN_CONSTANT_CONVERSION = YES;
				CLANG_WARN_DIRECT_OBJC_ISA_USAGE = YES_ERROR;
				CLANG_WARN_EMPTY_BODY = YES;
				CLANG_WARN_ENUM_CONVERSION = YES;
				CLANG_WARN_INT_CONVERSION = YES;
				CLANG_WARN_OBJC_ROOT_CLASS = YES_ERROR;
				CLANG_WARN_UNREACHABLE_CODE = YES;
				CLANG_WARN__DUPLICATE_METHOD_MATCH = YES;
				"CODE_SIGN_IDENTITY[sdk=iphoneos*]" = "iPhone Developer";
				COPY_PHASE_STRIP = NO;
				DEBUG_INFORMATION_FORMAT = dwarf;
				ENABLE_STRICT_OBJC_MSGSEND = YES;
				ENABLE_TESTABILITY = YES;
				GCC_C_LANGUAGE_STANDARD = gnu99;
				GCC_DYNAMIC_NO_PIC = NO;
				GCC_NO_COMMON_BLOCKS = YES;
				GCC_OPTIMIZATION_LEVEL = 0;
				GCC_PREPROCESSOR_DEFINITIONS = (
					"DEBUG=1",
					"$(inherited)",
				);
				GCC_WARN_64_TO_32_BIT_CONVERSION = YES;
				GCC_WARN_ABOUT_RETURN_TYPE = YES_ERROR;
				GCC_WARN_UNDECLARED_SELECTOR = YES;
				GCC_WARN_UNINITIALIZED_AUTOS = YES_AGGRESSIVE;
				GCC_WARN_UNUSED_FUNCTION = YES;
				GCC_WARN_UNUSED_VARIABLE = YES;
				IPHONEOS_DEPLOYMENT_TARGET = 9.3;
				MTL_ENABLE_DEBUG_INFO = YES;
				ONLY_ACTIVE_ARCH = YES;
				SDKROOT = iphoneos;
				SWIFT_OPTIMIZATION_LEVEL = "-Onone";
			};
			name = Debug;
		};
		8E9FCA101D3EF11E00578264 /* Release */ = {
			isa = XCBuildConfiguration;
			buildSettings = {
				ALWAYS_SEARCH_USER_PATHS = NO;
				CLANG_ANALYZER_NONNULL = YES;
				CLANG_CXX_LANGUAGE_STANDARD = "gnu++0x";
				CLANG_CXX_LIBRARY = "libc++";
				CLANG_ENABLE_MODULES = YES;
				CLANG_ENABLE_OBJC_ARC = YES;
				CLANG_WARN_BOOL_CONVERSION = YES;
				CLANG_WARN_CONSTANT_CONVERSION = YES;
				CLANG_WARN_DIRECT_OBJC_ISA_USAGE = YES_ERROR;
				CLANG_WARN_EMPTY_BODY = YES;
				CLANG_WARN_ENUM_CONVERSION = YES;
				CLANG_WARN_INT_CONVERSION = YES;
				CLANG_WARN_OBJC_ROOT_CLASS = YES_ERROR;
				CLANG_WARN_UNREACHABLE_CODE = YES;
				CLANG_WARN__DUPLICATE_METHOD_MATCH = YES;
				"CODE_SIGN_IDENTITY[sdk=iphoneos*]" = "iPhone Developer";
				COPY_PHASE_STRIP = NO;
				DEBUG_INFORMATION_FORMAT = "dwarf-with-dsym";
				ENABLE_NS_ASSERTIONS = NO;
				ENABLE_STRICT_OBJC_MSGSEND = YES;
				GCC_C_LANGUAGE_STANDARD = gnu99;
				GCC_NO_COMMON_BLOCKS = YES;
				GCC_WARN_64_TO_32_BIT_CONVERSION = YES;
				GCC_WARN_ABOUT_RETURN_TYPE = YES_ERROR;
				GCC_WARN_UNDECLARED_SELECTOR = YES;
				GCC_WARN_UNINITIALIZED_AUTOS = YES_AGGRESSIVE;
				GCC_WARN_UNUSED_FUNCTION = YES;
				GCC_WARN_UNUSED_VARIABLE = YES;
				IPHONEOS_DEPLOYMENT_TARGET = 9.3;
				MTL_ENABLE_DEBUG_INFO = NO;
				SDKROOT = iphoneos;
				VALIDATE_PRODUCT = YES;
			};
			name = Release;
		};
		8E9FCA121D3EF11E00578264 /* Debug */ = {
			isa = XCBuildConfiguration;
			buildSettings = {
				ASSETCATALOG_COMPILER_APPICON_NAME = AppIcon;
				FRAMEWORK_SEARCH_PATHS = (
					"$(inherited)",
					"$(PROJECT_DIR)/Carthage/Build/iOS",
				);
				INFOPLIST_FILE = GeoReddit/Info.plist;
				LD_RUNPATH_SEARCH_PATHS = "$(inherited) @executable_path/Frameworks";
				PRODUCT_BUNDLE_IDENTIFIER = com.patrickgoley.GeoReddit;
				PRODUCT_NAME = "$(TARGET_NAME)";
			};
			name = Debug;
		};
		8E9FCA131D3EF11E00578264 /* Release */ = {
			isa = XCBuildConfiguration;
			buildSettings = {
				ASSETCATALOG_COMPILER_APPICON_NAME = AppIcon;
				FRAMEWORK_SEARCH_PATHS = (
					"$(inherited)",
					"$(PROJECT_DIR)/Carthage/Build/iOS",
				);
				INFOPLIST_FILE = GeoReddit/Info.plist;
				LD_RUNPATH_SEARCH_PATHS = "$(inherited) @executable_path/Frameworks";
				PRODUCT_BUNDLE_IDENTIFIER = com.patrickgoley.GeoReddit;
				PRODUCT_NAME = "$(TARGET_NAME)";
			};
			name = Release;
		};
/* End XCBuildConfiguration section */

/* Begin XCConfigurationList section */
		8E9FC9FA1D3EF11E00578264 /* Build configuration list for PBXProject "GeoReddit" */ = {
			isa = XCConfigurationList;
			buildConfigurations = (
				8E9FCA0F1D3EF11E00578264 /* Debug */,
				8E9FCA101D3EF11E00578264 /* Release */,
			);
			defaultConfigurationIsVisible = 0;
			defaultConfigurationName = Release;
		};
		8E9FCA111D3EF11E00578264 /* Build configuration list for PBXNativeTarget "GeoReddit" */ = {
			isa = XCConfigurationList;
			buildConfigurations = (
				8E9FCA121D3EF11E00578264 /* Debug */,
				8E9FCA131D3EF11E00578264 /* Release */,
			);
			defaultConfigurationIsVisible = 0;
			defaultConfigurationName = Release;
		};
/* End XCConfigurationList section */
	};
	rootObject = 8E9FC9F71D3EF11E00578264 /* Project object */;
}
